{
  "name": "Acitizen-Pasco-Hub",
  "lockfileVersion": 3,
  "requires": true,
  "packages": {
    "": {
      "dependencies": {
        "api2pdf": "^2.0.3",
        "react-thumbnail": "^1.0.0"
      }
    },
    "node_modules/api2pdf": {
      "version": "2.0.3",
      "resolved": "https://registry.npmjs.org/api2pdf/-/api2pdf-2.0.3.tgz",
      "integrity": "sha512-N8LhI/XlVtpzQsJJprltFe3Rnj7IWnm/Q9TkM+xiXBPTmxk2kbpr73sb5rR1qFE80TZbXVggT1yqWtUGaPMRFA=="
    },
    "node_modules/react-thumbnail": {
      "version": "1.0.0",
      "resolved": "https://registry.npmjs.org/react-thumbnail/-/react-thumbnail-1.0.0.tgz",
      "integrity": "sha512-VA8FDNQ8kA4xHhsY2gw/wwUApPh6B2nvd0aP8F9xRSVPk2KcGmjXU+wWq80Ad3x+mPCclz9fYvK/pTHLMix2Cg=="
    }
  }
}
